
Microsoft Visual Studio Solution File, Format Version 12.00
Project("{FAE04EC0-301F-11D3-BF4B-00C04F79EFBC}") = "App01.CRC", "App01.CRC\App01.CRC.csproj", "{40F1E2BB-062A-4B7E-800F-631F5A0A0565}"
EndProject
Project("{FAE04EC0-301F-11D3-BF4B-00C04F79EFBC}") = "App02.WaitOne", "App02.WaitOne\App02.WaitOne.csproj", "{36B7C2F0-1DA9-40EF-8026-3E987F88A672}"
EndProject
Project("{FAE04EC0-301F-11D3-BF4B-00C04F79EFBC}") = "App03.Task00", "App03.Task00\App03.Task00.csproj", "{E174361E-4C65-4916-8C44-69E19422C2A8}"
EndProject
Project("{FAE04EC0-301F-11D3-BF4B-00C04F79EFBC}") = "App04.Async", "App04.Async\App04.Async.csproj", "{F7CAF4AA-88A7-473F-969B-25F5B07B687B}"
EndProject
Project("{FAE04EC0-301F-11D3-BF4B-00C04F79EFBC}") = "App05.Speak", "App05.Speak\App05.Speak.csproj", "{A5339775-F2F6-488C-A575-5B3920678225}"
EndProject
Project("{FAE04EC0-301F-11D3-BF4B-00C04F79EFBC}") = "App06.Breakfast", "App06.Breakfast\App06.Breakfast.csproj", "{7296BFD0-698F-4166-A3DB-9B71C8226F98}"
EndProject
Project("{FAE04EC0-301F-11D3-BF4B-00C04F79EFBC}") = "App07.Run", "App07.Run\App07.Run.csproj", "{3C40222F-3F6F-4FCC-B4B3-EC0DA49B40D9}"
EndProject
Project("{FAE04EC0-301F-11D3-BF4B-00C04F79EFBC}") = "App08.Benchmark", "App08.Benchmark\App08.Benchmark.csproj", "{AA133700-7E86-425B-AE55-BFDCD1258AA3}"
EndProject
Project("{FAE04EC0-301F-11D3-BF4B-00C04F79EFBC}") = "App00", "App00\App00.csproj", "{AE486394-0455-4664-930D-DB91F8E12E43}"
EndProject
Global
	GlobalSection(SolutionConfigurationPlatforms) = preSolution
		Debug|Any CPU = Debug|Any CPU
		Release|Any CPU = Release|Any CPU
	EndGlobalSection
	GlobalSection(ProjectConfigurationPlatforms) = postSolution
		{40F1E2BB-062A-4B7E-800F-631F5A0A0565}.Debug|Any CPU.ActiveCfg = Debug|Any CPU
		{40F1E2BB-062A-4B7E-800F-631F5A0A0565}.Debug|Any CPU.Build.0 = Debug|Any CPU
		{40F1E2BB-062A-4B7E-800F-631F5A0A0565}.Release|Any CPU.ActiveCfg = Release|Any CPU
		{40F1E2BB-062A-4B7E-800F-631F5A0A0565}.Release|Any CPU.Build.0 = Release|Any CPU
		{36B7C2F0-1DA9-40EF-8026-3E987F88A672}.Debug|Any CPU.ActiveCfg = Debug|Any CPU
		{36B7C2F0-1DA9-40EF-8026-3E987F88A672}.Debug|Any CPU.Build.0 = Debug|Any CPU
		{36B7C2F0-1DA9-40EF-8026-3E987F88A672}.Release|Any CPU.ActiveCfg = Release|Any CPU
		{36B7C2F0-1DA9-40EF-8026-3E987F88A672}.Release|Any CPU.Build.0 = Release|Any CPU
		{E174361E-4C65-4916-8C44-69E19422C2A8}.Debug|Any CPU.ActiveCfg = Debug|Any CPU
		{E174361E-4C65-4916-8C44-69E19422C2A8}.Debug|Any CPU.Build.0 = Debug|Any CPU
		{E174361E-4C65-4916-8C44-69E19422C2A8}.Release|Any CPU.ActiveCfg = Release|Any CPU
		{E174361E-4C65-4916-8C44-69E19422C2A8}.Release|Any CPU.Build.0 = Release|Any CPU
		{F7CAF4AA-88A7-473F-969B-25F5B07B687B}.Debug|Any CPU.ActiveCfg = Debug|Any CPU
		{F7CAF4AA-88A7-473F-969B-25F5B07B687B}.Debug|Any CPU.Build.0 = Debug|Any CPU
		{F7CAF4AA-88A7-473F-969B-25F5B07B687B}.Release|Any CPU.ActiveCfg = Release|Any CPU
		{F7CAF4AA-88A7-473F-969B-25F5B07B687B}.Release|Any CPU.Build.0 = Release|Any CPU
		{A5339775-F2F6-488C-A575-5B3920678225}.Debug|Any CPU.ActiveCfg = Debug|Any CPU
		{A5339775-F2F6-488C-A575-5B3920678225}.Debug|Any CPU.Build.0 = Debug|Any CPU
		{A5339775-F2F6-488C-A575-5B3920678225}.Release|Any CPU.ActiveCfg = Release|Any CPU
		{A5339775-F2F6-488C-A575-5B3920678225}.Release|Any CPU.Build.0 = Release|Any CPU
		{7296BFD0-698F-4166-A3DB-9B71C8226F98}.Debug|Any CPU.ActiveCfg = Debug|Any CPU
		{7296BFD0-698F-4166-A3DB-9B71C8226F98}.Debug|Any CPU.Build.0 = Debug|Any CPU
		{7296BFD0-698F-4166-A3DB-9B71C8226F98}.Release|Any CPU.ActiveCfg = Release|Any CPU
		{7296BFD0-698F-4166-A3DB-9B71C8226F98}.Release|Any CPU.Build.0 = Release|Any CPU
		{3C40222F-3F6F-4FCC-B4B3-EC0DA49B40D9}.Debug|Any CPU.ActiveCfg = Debug|Any CPU
		{3C40222F-3F6F-4FCC-B4B3-EC0DA49B40D9}.Debug|Any CPU.Build.0 = Debug|Any CPU
		{3C40222F-3F6F-4FCC-B4B3-EC0DA49B40D9}.Release|Any CPU.ActiveCfg = Release|Any CPU
		{3C40222F-3F6F-4FCC-B4B3-EC0DA49B40D9}.Release|Any CPU.Build.0 = Release|Any CPU
		{AA133700-7E86-425B-AE55-BFDCD1258AA3}.Debug|Any CPU.ActiveCfg = Debug|Any CPU
		{AA133700-7E86-425B-AE55-BFDCD1258AA3}.Debug|Any CPU.Build.0 = Debug|Any CPU
		{AA133700-7E86-425B-AE55-BFDCD1258AA3}.Release|Any CPU.ActiveCfg = Release|Any CPU
		{AA133700-7E86-425B-AE55-BFDCD1258AA3}.Release|Any CPU.Build.0 = Release|Any CPU
		{AE486394-0455-4664-930D-DB91F8E12E43}.Debug|Any CPU.ActiveCfg = Debug|Any CPU
		{AE486394-0455-4664-930D-DB91F8E12E43}.Debug|Any CPU.Build.0 = Debug|Any CPU
		{AE486394-0455-4664-930D-DB91F8E12E43}.Release|Any CPU.ActiveCfg = Release|Any CPU
		{AE486394-0455-4664-930D-DB91F8E12E43}.Release|Any CPU.Build.0 = Release|Any CPU
	EndGlobalSection
EndGlobal
